// !$*UTF8*$!
{
	archiveVersion = 1;
	classes = {
	};
	objectVersion = 55;
	objects = {

/* Begin PBXBuildFile section */
		C612AC03291407A7006A04A6 /* fitlife.json in Resources */ = {isa = PBXBuildFile; fileRef = C612AC02291407A7006A04A6 /* fitlife.json */; };
		C626221D2886296000FD74C5 /* LaunchScreen.storyboard in Resources */ = {isa = PBXBuildFile; fileRef = C626221C2886296000FD74C5 /* LaunchScreen.storyboard */; };
		C626222A288650ED00FD74C5 /* Color+Extension.swift in Sources */ = {isa = PBXBuildFile; fileRef = C6262229288650ED00FD74C5 /* Color+Extension.swift */; };
		C63CBA8428AC847B00C92273 /* Poppins-Regular.ttf in Resources */ = {isa = PBXBuildFile; fileRef = C63CBA8328AC847B00C92273 /* Poppins-Regular.ttf */; };
		C63CBA8628AC91CC00C92273 /* Inter-Regular.ttf in Resources */ = {isa = PBXBuildFile; fileRef = C63CBA8528AC91CB00C92273 /* Inter-Regular.ttf */; };
		C63CBA8828AC92F600C92273 /* Inter-Bold.ttf in Resources */ = {isa = PBXBuildFile; fileRef = C63CBA8728AC92F600C92273 /* Inter-Bold.ttf */; };
		C6494A7B28AB09C0002FF97C /* FontManager.swift in Sources */ = {isa = PBXBuildFile; fileRef = C6494A7A28AB09C0002FF97C /* FontManager.swift */; };
		C6494A8628AB0A0B002FF97C /* Satoshi-Black.otf in Resources */ = {isa = PBXBuildFile; fileRef = C6494A7C28AB0A0B002FF97C /* Satoshi-Black.otf */; };
		C6494A8728AB0A0B002FF97C /* Satoshi-Regular.otf in Resources */ = {isa = PBXBuildFile; fileRef = C6494A7D28AB0A0B002FF97C /* Satoshi-Regular.otf */; };
		C6494A8828AB0A0B002FF97C /* Satoshi-Bold.otf in Resources */ = {isa = PBXBuildFile; fileRef = C6494A7E28AB0A0B002FF97C /* Satoshi-Bold.otf */; };
		C6494A8928AB0A0B002FF97C /* Satoshi-BlackItalic.otf in Resources */ = {isa = PBXBuildFile; fileRef = C6494A7F28AB0A0B002FF97C /* Satoshi-BlackItalic.otf */; };
		C6494A8A28AB0A0B002FF97C /* Satoshi-MediumItalic.otf in Resources */ = {isa = PBXBuildFile; fileRef = C6494A8028AB0A0B002FF97C /* Satoshi-MediumItalic.otf */; };
		C6494A8B28AB0A0B002FF97C /* Satoshi-Light.otf in Resources */ = {isa = PBXBuildFile; fileRef = C6494A8128AB0A0B002FF97C /* Satoshi-Light.otf */; };
		C6494A8C28AB0A0B002FF97C /* Satoshi-Medium.otf in Resources */ = {isa = PBXBuildFile; fileRef = C6494A8228AB0A0B002FF97C /* Satoshi-Medium.otf */; };
		C6494A8D28AB0A0B002FF97C /* Satoshi-LightItalic.otf in Resources */ = {isa = PBXBuildFile; fileRef = C6494A8328AB0A0B002FF97C /* Satoshi-LightItalic.otf */; };
		C6494A8E28AB0A0B002FF97C /* Satoshi-Italic.otf in Resources */ = {isa = PBXBuildFile; fileRef = C6494A8428AB0A0B002FF97C /* Satoshi-Italic.otf */; };
		C6494A8F28AB0A0B002FF97C /* Satoshi-BoldItalic.otf in Resources */ = {isa = PBXBuildFile; fileRef = C6494A8528AB0A0B002FF97C /* Satoshi-BoldItalic.otf */; };
		C64A410928AFFC2A0007D390 /* RoundedCorners.swift in Sources */ = {isa = PBXBuildFile; fileRef = C64A410828AFFC2A0007D390 /* RoundedCorners.swift */; };
		C663CAFA28861E280095187D /* FitLifeApp.swift in Sources */ = {isa = PBXBuildFile; fileRef = C663CAF928861E280095187D /* FitLifeApp.swift */; };
		C663CAFE28861E2C0095187D /* Assets.xcassets in Resources */ = {isa = PBXBuildFile; fileRef = C663CAFD28861E2C0095187D /* Assets.xcassets */; };
		C663CB0128861E2C0095187D /* Preview Assets.xcassets in Resources */ = {isa = PBXBuildFile; fileRef = C663CB0028861E2C0095187D /* Preview Assets.xcassets */; };
		C6ED68D92953D671003DB112 /* HomeView.swift in Sources */ = {isa = PBXBuildFile; fileRef = C6ED68D82953D671003DB112 /* HomeView.swift */; };
		C6ED68DB2953EC34003DB112 /* ActivityTab.swift in Sources */ = {isa = PBXBuildFile; fileRef = C6ED68DA2953EC34003DB112 /* ActivityTab.swift */; };
		C6ED68DE2953EE9D003DB112 /* DiscoveryView.swift in Sources */ = {isa = PBXBuildFile; fileRef = C6ED68DD2953EE9D003DB112 /* DiscoveryView.swift */; };
		C6ED68E12953F43B003DB112 /* GoalView.swift in Sources */ = {isa = PBXBuildFile; fileRef = C6ED68E02953F43B003DB112 /* GoalView.swift */; };
		C6ED68E32954B4A6003DB112 /* RecomendedWorkoutView.swift in Sources */ = {isa = PBXBuildFile; fileRef = C6ED68E22954B4A6003DB112 /* RecomendedWorkoutView.swift */; };
		C6ED68E52954B580003DB112 /* MostViewMeals.swift in Sources */ = {isa = PBXBuildFile; fileRef = C6ED68E42954B580003DB112 /* MostViewMeals.swift */; };
		C6ED68E82954B979003DB112 /* NutritionView.swift in Sources */ = {isa = PBXBuildFile; fileRef = C6ED68E72954B979003DB112 /* NutritionView.swift */; };
		C6ED68EA2954DA69003DB112 /* SearchBarView.swift in Sources */ = {isa = PBXBuildFile; fileRef = C6ED68E92954DA69003DB112 /* SearchBarView.swift */; };
/* End PBXBuildFile section */

/* Begin PBXFileReference section */
		C612AC02291407A7006A04A6 /* fitlife.json */ = {isa = PBXFileReference; fileEncoding = 4; lastKnownFileType = text.json; path = fitlife.json; sourceTree = "<group>"; };
		C626221C2886296000FD74C5 /* LaunchScreen.storyboard */ = {isa = PBXFileReference; lastKnownFileType = file.storyboard; path = LaunchScreen.storyboard; sourceTree = "<group>"; };
		C6262229288650ED00FD74C5 /* Color+Extension.swift */ = {isa = PBXFileReference; lastKnownFileType = sourcecode.swift; path = "Color+Extension.swift"; sourceTree = "<group>"; };
		C63CBA8328AC847B00C92273 /* Poppins-Regular.ttf */ = {isa = PBXFileReference; lastKnownFileType = file; path = "Poppins-Regular.ttf"; sourceTree = "<group>"; };
		C63CBA8528AC91CB00C92273 /* Inter-Regular.ttf */ = {isa = PBXFileReference; lastKnownFileType = file; path = "Inter-Regular.ttf"; sourceTree = "<group>"; };
		C63CBA8728AC92F600C92273 /* Inter-Bold.ttf */ = {isa = PBXFileReference; lastKnownFileType = file; path = "Inter-Bold.ttf"; sourceTree = "<group>"; };
		C6494A7A28AB09C0002FF97C /* FontManager.swift */ = {isa = PBXFileReference; lastKnownFileType = sourcecode.swift; path = FontManager.swift; sourceTree = "<group>"; };
		C6494A7C28AB0A0B002FF97C /* Satoshi-Black.otf */ = {isa = PBXFileReference; lastKnownFileType = file; path = "Satoshi-Black.otf"; sourceTree = "<group>"; };
		C6494A7D28AB0A0B002FF97C /* Satoshi-Regular.otf */ = {isa = PBXFileReference; lastKnownFileType = file; path = "Satoshi-Regular.otf"; sourceTree = "<group>"; };
		C6494A7E28AB0A0B002FF97C /* Satoshi-Bold.otf */ = {isa = PBXFileReference; lastKnownFileType = file; path = "Satoshi-Bold.otf"; sourceTree = "<group>"; };
		C6494A7F28AB0A0B002FF97C /* Satoshi-BlackItalic.otf */ = {isa = PBXFileReference; lastKnownFileType = file; path = "Satoshi-BlackItalic.otf"; sourceTree = "<group>"; };
		C6494A8028AB0A0B002FF97C /* Satoshi-MediumItalic.otf */ = {isa = PBXFileReference; lastKnownFileType = file; path = "Satoshi-MediumItalic.otf"; sourceTree = "<group>"; };
		C6494A8128AB0A0B002FF97C /* Satoshi-Light.otf */ = {isa = PBXFileReference; lastKnownFileType = file; path = "Satoshi-Light.otf"; sourceTree = "<group>"; };
		C6494A8228AB0A0B002FF97C /* Satoshi-Medium.otf */ = {isa = PBXFileReference; lastKnownFileType = file; path = "Satoshi-Medium.otf"; sourceTree = "<group>"; };
		C6494A8328AB0A0B002FF97C /* Satoshi-LightItalic.otf */ = {isa = PBXFileReference; lastKnownFileType = file; path = "Satoshi-LightItalic.otf"; sourceTree = "<group>"; };
		C6494A8428AB0A0B002FF97C /* Satoshi-Italic.otf */ = {isa = PBXFileReference; lastKnownFileType = file; path = "Satoshi-Italic.otf"; sourceTree = "<group>"; };
		C6494A8528AB0A0B002FF97C /* Satoshi-BoldItalic.otf */ = {isa = PBXFileReference; lastKnownFileType = file; path = "Satoshi-BoldItalic.otf"; sourceTree = "<group>"; };
		C6494A9028AB0B41002FF97C /* Info.plist */ = {isa = PBXFileReference; lastKnownFileType = text.plist; path = Info.plist; sourceTree = "<group>"; };
		C64A410828AFFC2A0007D390 /* RoundedCorners.swift */ = {isa = PBXFileReference; fileEncoding = 4; lastKnownFileType = sourcecode.swift; path = RoundedCorners.swift; sourceTree = "<group>"; };
		C663CAF628861E280095187D /* FitLife.app */ = {isa = PBXFileReference; explicitFileType = wrapper.application; includeInIndex = 0; path = FitLife.app; sourceTree = BUILT_PRODUCTS_DIR; };
		C663CAF928861E280095187D /* FitLifeApp.swift */ = {isa = PBXFileReference; lastKnownFileType = sourcecode.swift; path = FitLifeApp.swift; sourceTree = "<group>"; };
		C663CAFD28861E2C0095187D /* Assets.xcassets */ = {isa = PBXFileReference; lastKnownFileType = folder.assetcatalog; path = Assets.xcassets; sourceTree = "<group>"; };
		C663CB0028861E2C0095187D /* Preview Assets.xcassets */ = {isa = PBXFileReference; lastKnownFileType = folder.assetcatalog; path = "Preview Assets.xcassets"; sourceTree = "<group>"; };
		C6ED68D82953D671003DB112 /* HomeView.swift */ = {isa = PBXFileReference; lastKnownFileType = sourcecode.swift; path = HomeView.swift; sourceTree = "<group>"; };
		C6ED68DA2953EC34003DB112 /* ActivityTab.swift */ = {isa = PBXFileReference; lastKnownFileType = sourcecode.swift; path = ActivityTab.swift; sourceTree = "<group>"; };
		C6ED68DD2953EE9D003DB112 /* DiscoveryView.swift */ = {isa = PBXFileReference; lastKnownFileType = sourcecode.swift; path = DiscoveryView.swift; sourceTree = "<group>"; };
		C6ED68E02953F43B003DB112 /* GoalView.swift */ = {isa = PBXFileReference; lastKnownFileType = sourcecode.swift; path = GoalView.swift; sourceTree = "<group>"; };
		C6ED68E22954B4A6003DB112 /* RecomendedWorkoutView.swift */ = {isa = PBXFileReference; lastKnownFileType = sourcecode.swift; path = RecomendedWorkoutView.swift; sourceTree = "<group>"; };
		C6ED68E42954B580003DB112 /* MostViewMeals.swift */ = {isa = PBXFileReference; lastKnownFileType = sourcecode.swift; path = MostViewMeals.swift; sourceTree = "<group>"; };
		C6ED68E72954B979003DB112 /* NutritionView.swift */ = {isa = PBXFileReference; lastKnownFileType = sourcecode.swift; path = NutritionView.swift; sourceTree = "<group>"; };
		C6ED68E92954DA69003DB112 /* SearchBarView.swift */ = {isa = PBXFileReference; lastKnownFileType = sourcecode.swift; path = SearchBarView.swift; sourceTree = "<group>"; };
/* End PBXFileReference section */

/* Begin PBXFrameworksBuildPhase section */
		C663CAF328861E280095187D /* Frameworks */ = {
			isa = PBXFrameworksBuildPhase;
			buildActionMask = 2147483647;
			files = (
			);
			runOnlyForDeploymentPostprocessing = 0;
		};
/* End PBXFrameworksBuildPhase section */

/* Begin PBXGroup section */
		C626221B2886291000FD74C5 /* App */ = {
			isa = PBXGroup;
			children = (
				C626221C2886296000FD74C5 /* LaunchScreen.storyboard */,
				C663CAF928861E280095187D /* FitLifeApp.swift */,
			);
			path = App;
			sourceTree = "<group>";
		};
		C6262228288650C000FD74C5 /* Extensions */ = {
			isa = PBXGroup;
			children = (
				C6262229288650ED00FD74C5 /* Color+Extension.swift */,
			);
			path = Extensions;
			sourceTree = "<group>";
		};
		C6494A7928AB098F002FF97C /* CustomFonts */ = {
			isa = PBXGroup;
			children = (
				C63CBA8728AC92F600C92273 /* Inter-Bold.ttf */,
				C63CBA8328AC847B00C92273 /* Poppins-Regular.ttf */,
				C6494A7C28AB0A0B002FF97C /* Satoshi-Black.otf */,
				C6494A7F28AB0A0B002FF97C /* Satoshi-BlackItalic.otf */,
				C6494A7E28AB0A0B002FF97C /* Satoshi-Bold.otf */,
				C6494A8528AB0A0B002FF97C /* Satoshi-BoldItalic.otf */,
				C6494A8428AB0A0B002FF97C /* Satoshi-Italic.otf */,
				C6494A8128AB0A0B002FF97C /* Satoshi-Light.otf */,
				C6494A8328AB0A0B002FF97C /* Satoshi-LightItalic.otf */,
				C6494A8228AB0A0B002FF97C /* Satoshi-Medium.otf */,
				C6494A8028AB0A0B002FF97C /* Satoshi-MediumItalic.otf */,
				C6494A7D28AB0A0B002FF97C /* Satoshi-Regular.otf */,
				C63CBA8528AC91CB00C92273 /* Inter-Regular.ttf */,
				C6494A7A28AB09C0002FF97C /* FontManager.swift */,
			);
			path = CustomFonts;
			sourceTree = "<group>";
		};
		C663CAED28861E280095187D = {
			isa = PBXGroup;
			children = (
				C663CAF828861E280095187D /* FitLife */,
				C663CAF728861E280095187D /* Products */,
			);
			sourceTree = "<group>";
		};
		C663CAF728861E280095187D /* Products */ = {
			isa = PBXGroup;
			children = (
				C663CAF628861E280095187D /* FitLife.app */,
			);
			name = Products;
			sourceTree = "<group>";
		};
		C663CAF828861E280095187D /* FitLife */ = {
			isa = PBXGroup;
			children = (
				C6494A9028AB0B41002FF97C /* Info.plist */,
				C694E1E7289ADF5200FF2D06 /* Utils */,
				C6262228288650C000FD74C5 /* Extensions */,
				C6ED68D52953D639003DB112 /* View */,
				C626221B2886291000FD74C5 /* App */,
				C6A230F8289457AC003BCE70 /* Models */,
				C663CAFD28861E2C0095187D /* Assets.xcassets */,
				C612AC02291407A7006A04A6 /* fitlife.json */,
				C663CAFF28861E2C0095187D /* Preview Content */,
			);
			path = FitLife;
			sourceTree = "<group>";
		};
		C663CAFF28861E2C0095187D /* Preview Content */ = {
			isa = PBXGroup;
			children = (
				C663CB0028861E2C0095187D /* Preview Assets.xcassets */,
			);
			path = "Preview Content";
			sourceTree = "<group>";
		};
		C694E1E7289ADF5200FF2D06 /* Utils */ = {
			isa = PBXGroup;
			children = (
				C6494A7928AB098F002FF97C /* CustomFonts */,
				C64A410828AFFC2A0007D390 /* RoundedCorners.swift */,
			);
			path = Utils;
			sourceTree = "<group>";
		};
		C6A230F8289457AC003BCE70 /* Models */ = {
			isa = PBXGroup;
			children = (
			);
			path = Models;
			sourceTree = "<group>";
		};
		C6ED68D52953D639003DB112 /* View */ = {
			isa = PBXGroup;
			children = (
				C6ED68D82953D671003DB112 /* HomeView.swift */,
				C6ED68DC2953EE80003DB112 /* ActivityTabs */,
			);
			path = View;
			sourceTree = "<group>";
		};
		C6ED68DC2953EE80003DB112 /* ActivityTabs */ = {
			isa = PBXGroup;
			children = (
				C6ED68DA2953EC34003DB112 /* ActivityTab.swift */,
				C6ED68DF2953F422003DB112 /* Discovery */,
				C6ED68E62954B959003DB112 /* Nutrition */,
			);
			path = ActivityTabs;
			sourceTree = "<group>";
		};
		C6ED68DF2953F422003DB112 /* Discovery */ = {
			isa = PBXGroup;
			children = (
				C6ED68DD2953EE9D003DB112 /* DiscoveryView.swift */,
				C6ED68E02953F43B003DB112 /* GoalView.swift */,
				C6ED68E22954B4A6003DB112 /* RecomendedWorkoutView.swift */,
				C6ED68E42954B580003DB112 /* MostViewMeals.swift */,
			);
			path = Discovery;
			sourceTree = "<group>";
		};
		C6ED68E62954B959003DB112 /* Nutrition */ = {
			isa = PBXGroup;
			children = (
				C6ED68E72954B979003DB112 /* NutritionView.swift */,
				C6ED68E92954DA69003DB112 /* SearchBarView.swift */,
			);
			path = Nutrition;
			sourceTree = "<group>";
		};
/* End PBXGroup section */

/* Begin PBXNativeTarget section */
		C663CAF528861E280095187D /* FitLife */ = {
			isa = PBXNativeTarget;
			buildConfigurationList = C663CB0428861E2C0095187D /* Build configuration list for PBXNativeTarget "FitLife" */;
			buildPhases = (
				C663CAF228861E280095187D /* Sources */,
				C663CAF328861E280095187D /* Frameworks */,
				C663CAF428861E280095187D /* Resources */,
			);
			buildRules = (
			);
			dependencies = (
			);
			name = FitLife;
			productName = FitLife;
			productReference = C663CAF628861E280095187D /* FitLife.app */;
			productType = "com.apple.product-type.application";
		};
/* End PBXNativeTarget section */

/* Begin PBXProject section */
		C663CAEE28861E280095187D /* Project object */ = {
			isa = PBXProject;
			attributes = {
				BuildIndependentTargetsInParallel = 1;
				LastSwiftUpdateCheck = 1340;
				LastUpgradeCheck = 1340;
				TargetAttributes = {
					C663CAF528861E280095187D = {
						CreatedOnToolsVersion = 13.4.1;
					};
				};
			};
			buildConfigurationList = C663CAF128861E280095187D /* Build configuration list for PBXProject "FitLife" */;
			compatibilityVersion = "Xcode 13.0";
			developmentRegion = en;
			hasScannedForEncodings = 0;
			knownRegions = (
				en,
				Base,
			);
			mainGroup = C663CAED28861E280095187D;
			productRefGroup = C663CAF728861E280095187D /* Products */;
			projectDirPath = "";
			projectRoot = "";
			targets = (
				C663CAF528861E280095187D /* FitLife */,
			);
		};
/* End PBXProject section */

/* Begin PBXResourcesBuildPhase section */
		C663CAF428861E280095187D /* Resources */ = {
			isa = PBXResourcesBuildPhase;
			buildActionMask = 2147483647;
			files = (
				C6494A8828AB0A0B002FF97C /* Satoshi-Bold.otf in Resources */,
				C63CBA8628AC91CC00C92273 /* Inter-Regular.ttf in Resources */,
				C6494A8728AB0A0B002FF97C /* Satoshi-Regular.otf in Resources */,
				C626221D2886296000FD74C5 /* LaunchScreen.storyboard in Resources */,
				C6494A8D28AB0A0B002FF97C /* Satoshi-LightItalic.otf in Resources */,
				C6494A8628AB0A0B002FF97C /* Satoshi-Black.otf in Resources */,
				C6494A8C28AB0A0B002FF97C /* Satoshi-Medium.otf in Resources */,
				C663CB0128861E2C0095187D /* Preview Assets.xcassets in Resources */,
				C6494A8B28AB0A0B002FF97C /* Satoshi-Light.otf in Resources */,
				C6494A8928AB0A0B002FF97C /* Satoshi-BlackItalic.otf in Resources */,
				C63CBA8828AC92F600C92273 /* Inter-Bold.ttf in Resources */,
				C63CBA8428AC847B00C92273 /* Poppins-Regular.ttf in Resources */,
				C612AC03291407A7006A04A6 /* fitlife.json in Resources */,
				C6494A8A28AB0A0B002FF97C /* Satoshi-MediumItalic.otf in Resources */,
				C663CAFE28861E2C0095187D /* Assets.xcassets in Resources */,
				C6494A8E28AB0A0B002FF97C /* Satoshi-Italic.otf in Resources */,
				C6494A8F28AB0A0B002FF97C /* Satoshi-BoldItalic.otf in Resources */,
			);
			runOnlyForDeploymentPostprocessing = 0;
		};
/* End PBXResourcesBuildPhase section */

/* Begin PBXSourcesBuildPhase section */
		C663CAF228861E280095187D /* Sources */ = {
			isa = PBXSourcesBuildPhase;
			buildActionMask = 2147483647;
			files = (
				C6ED68E52954B580003DB112 /* MostViewMeals.swift in Sources */,
				C6ED68DB2953EC34003DB112 /* ActivityTab.swift in Sources */,
				C64A410928AFFC2A0007D390 /* RoundedCorners.swift in Sources */,
				C6ED68DE2953EE9D003DB112 /* DiscoveryView.swift in Sources */,
				C6ED68EA2954DA69003DB112 /* SearchBarView.swift in Sources */,
				C626222A288650ED00FD74C5 /* Color+Extension.swift in Sources */,
				C6ED68E32954B4A6003DB112 /* RecomendedWorkoutView.swift in Sources */,
				C6494A7B28AB09C0002FF97C /* FontManager.swift in Sources */,
				C6ED68D92953D671003DB112 /* HomeView.swift in Sources */,
				C6ED68E82954B979003DB112 /* NutritionView.swift in Sources */,
				C663CAFA28861E280095187D /* FitLifeApp.swift in Sources */,
				C6ED68E12953F43B003DB112 /* GoalView.swift in Sources */,
			);
			runOnlyForDeploymentPostprocessing = 0;
		};
/* End PBXSourcesBuildPhase section */

/* Begin XCBuildConfiguration section */
		C663CB0228861E2C0095187D /* Debug */ = {
			isa = XCBuildConfiguration;
			buildSettings = {
				ALWAYS_SEARCH_USER_PATHS = NO;
				CLANG_ANALYZER_NONNULL = YES;
				CLANG_ANALYZER_NUMBER_OBJECT_CONVERSION = YES_AGGRESSIVE;
				CLANG_CXX_LANGUAGE_STANDARD = "gnu++17";
				CLANG_ENABLE_MODULES = YES;
				CLANG_ENABLE_OBJC_ARC = YES;
				CLANG_ENABLE_OBJC_WEAK = YES;
				CLANG_WARN_BLOCK_CAPTURE_AUTORELEASING = YES;
				CLANG_WARN_BOOL_CONVERSION = YES;
				CLANG_WARN_COMMA = YES;
				CLANG_WARN_CONSTANT_CONVERSION = YES;
				CLANG_WARN_DEPRECATED_OBJC_IMPLEMENTATIONS = YES;
				CLANG_WARN_DIRECT_OBJC_ISA_USAGE = YES_ERROR;
				CLANG_WARN_DOCUMENTATION_COMMENTS = YES;
				CLANG_WARN_EMPTY_BODY = YES;
				CLANG_WARN_ENUM_CONVERSION = YES;
				CLANG_WARN_INFINITE_RECURSION = YES;
				CLANG_WARN_INT_CONVERSION = YES;
				CLANG_WARN_NON_LITERAL_NULL_CONVERSION = YES;
				CLANG_WARN_OBJC_IMPLICIT_RETAIN_SELF = YES;
				CLANG_WARN_OBJC_LITERAL_CONVERSION = YES;
				CLANG_WARN_OBJC_ROOT_CLASS = YES_ERROR;
				CLANG_WARN_QUOTED_INCLUDE_IN_FRAMEWORK_HEADER = YES;
				CLANG_WARN_RANGE_LOOP_ANALYSIS = YES;
				CLANG_WARN_STRICT_PROTOTYPES = YES;
				CLANG_WARN_SUSPICIOUS_MOVE = YES;
				CLANG_WARN_UNGUARDED_AVAILABILITY = YES_AGGRESSIVE;
				CLANG_WARN_UNREACHABLE_CODE = YES;
				CLANG_WARN__DUPLICATE_METHOD_MATCH = YES;
				COPY_PHASE_STRIP = NO;
				DEBUG_INFORMATION_FORMAT = dwarf;
				ENABLE_STRICT_OBJC_MSGSEND = YES;
				ENABLE_TESTABILITY = YES;
				GCC_C_LANGUAGE_STANDARD = gnu11;
				GCC_DYNAMIC_NO_PIC = NO;
				GCC_NO_COMMON_BLOCKS = YES;
				GCC_OPTIMIZATION_LEVEL = 0;
				GCC_PREPROCESSOR_DEFINITIONS = (
					"DEBUG=1",
					"$(inherited)",
				);
				GCC_WARN_64_TO_32_BIT_CONVERSION = YES;
				GCC_WARN_ABOUT_RETURN_TYPE = YES_ERROR;
				GCC_WARN_UNDECLARED_SELECTOR = YES;
				GCC_WARN_UNINITIALIZED_AUTOS = YES_AGGRESSIVE;
				GCC_WARN_UNUSED_FUNCTION = YES;
				GCC_WARN_UNUSED_VARIABLE = YES;
				IPHONEOS_DEPLOYMENT_TARGET = 15.5;
				MTL_ENABLE_DEBUG_INFO = INCLUDE_SOURCE;
				MTL_FAST_MATH = YES;
				ONLY_ACTIVE_ARCH = YES;
				SDKROOT = iphoneos;
				SWIFT_ACTIVE_COMPILATION_CONDITIONS = DEBUG;
				SWIFT_OPTIMIZATION_LEVEL = "-Onone";
			};
			name = Debug;
		};
		C663CB0328861E2C0095187D /* Release */ = {
			isa = XCBuildConfiguration;
			buildSettings = {
				ALWAYS_SEARCH_USER_PATHS = NO;
				CLANG_ANALYZER_NONNULL = YES;
				CLANG_ANALYZER_NUMBER_OBJECT_CONVERSION = YES_AGGRESSIVE;
				CLANG_CXX_LANGUAGE_STANDARD = "gnu++17";
				CLANG_ENABLE_MODULES = YES;
				CLANG_ENABLE_OBJC_ARC = YES;
				CLANG_ENABLE_OBJC_WEAK = YES;
				CLANG_WARN_BLOCK_CAPTURE_AUTORELEASING = YES;
				CLANG_WARN_BOOL_CONVERSION = YES;
				CLANG_WARN_COMMA = YES;
				CLANG_WARN_CONSTANT_CONVERSION = YES;
				CLANG_WARN_DEPRECATED_OBJC_IMPLEMENTATIONS = YES;
				CLANG_WARN_DIRECT_OBJC_ISA_USAGE = YES_ERROR;
				CLANG_WARN_DOCUMENTATION_COMMENTS = YES;
				CLANG_WARN_EMPTY_BODY = YES;
				CLANG_WARN_ENUM_CONVERSION = YES;
				CLANG_WARN_INFINITE_RECURSION = YES;
				CLANG_WARN_INT_CONVERSION = YES;
				CLANG_WARN_NON_LITERAL_NULL_CONVERSION = YES;
				CLANG_WARN_OBJC_IMPLICIT_RETAIN_SELF = YES;
				CLANG_WARN_OBJC_LITERAL_CONVERSION = YES;
				CLANG_WARN_OBJC_ROOT_CLASS = YES_ERROR;
				CLANG_WARN_QUOTED_INCLUDE_IN_FRAMEWORK_HEADER = YES;
				CLANG_WARN_RANGE_LOOP_ANALYSIS = YES;
				CLANG_WARN_STRICT_PROTOTYPES = YES;
				CLANG_WARN_SUSPICIOUS_MOVE = YES;
				CLANG_WARN_UNGUARDED_AVAILABILITY = YES_AGGRESSIVE;
				CLANG_WARN_UNREACHABLE_CODE = YES;
				CLANG_WARN__DUPLICATE_METHOD_MATCH = YES;
				COPY_PHASE_STRIP = NO;
				DEBUG_INFORMATION_FORMAT = "dwarf-with-dsym";
				ENABLE_NS_ASSERTIONS = NO;
				ENABLE_STRICT_OBJC_MSGSEND = YES;
				GCC_C_LANGUAGE_STANDARD = gnu11;
				GCC_NO_COMMON_BLOCKS = YES;
				GCC_WARN_64_TO_32_BIT_CONVERSION = YES;
				GCC_WARN_ABOUT_RETURN_TYPE = YES_ERROR;
				GCC_WARN_UNDECLARED_SELECTOR = YES;
				GCC_WARN_UNINITIALIZED_AUTOS = YES_AGGRESSIVE;
				GCC_WARN_UNUSED_FUNCTION = YES;
				GCC_WARN_UNUSED_VARIABLE = YES;
				IPHONEOS_DEPLOYMENT_TARGET = 15.5;
				MTL_ENABLE_DEBUG_INFO = NO;
				MTL_FAST_MATH = YES;
				SDKROOT = iphoneos;
				SWIFT_COMPILATION_MODE = wholemodule;
				SWIFT_OPTIMIZATION_LEVEL = "-O";
				VALIDATE_PRODUCT = YES;
			};
			name = Release;
		};
		C663CB0528861E2C0095187D /* Debug */ = {
			isa = XCBuildConfiguration;
			buildSettings = {
				ASSETCATALOG_COMPILER_APPICON_NAME = AppIcon;
				ASSETCATALOG_COMPILER_GLOBAL_ACCENT_COLOR_NAME = AccentColor;
				CODE_SIGN_STYLE = Automatic;
				CURRENT_PROJECT_VERSION = 1;
				DEVELOPMENT_ASSET_PATHS = "\"FitLife/Preview Content\"";
				DEVELOPMENT_TEAM = FZYRH5V929;
				ENABLE_PREVIEWS = YES;
				GENERATE_INFOPLIST_FILE = YES;
				INFOPLIST_FILE = FitLife/Info.plist;
				INFOPLIST_KEY_UIApplicationSceneManifest_Generation = YES;
				INFOPLIST_KEY_UIApplicationSupportsIndirectInputEvents = YES;
				INFOPLIST_KEY_UILaunchStoryboardName = LaunchScreen.storyboard;
				INFOPLIST_KEY_UISupportedInterfaceOrientations_iPad = "UIInterfaceOrientationPortrait UIInterfaceOrientationPortraitUpsideDown UIInterfaceOrientationLandscapeLeft UIInterfaceOrientationLandscapeRight";
				INFOPLIST_KEY_UISupportedInterfaceOrientations_iPhone = "UIInterfaceOrientationPortrait UIInterfaceOrientationLandscapeLeft UIInterfaceOrientationLandscapeRight";
				IPHONEOS_DEPLOYMENT_TARGET = 16.0;
				LD_RUNPATH_SEARCH_PATHS = (
					"$(inherited)",
					"@executable_path/Frameworks",
				);
				MARKETING_VERSION = 1.0;
				PRODUCT_BUNDLE_IDENTIFIER = com.alandisseals.FitLife;
				PRODUCT_NAME = "$(TARGET_NAME)";
				SWIFT_EMIT_LOC_STRINGS = YES;
				SWIFT_VERSION = 5.0;
				TARGETED_DEVICE_FAMILY = "1,2";
			};
			name = Debug;
		};
		C663CB0628861E2C0095187D /* Release */ = {
			isa = XCBuildConfiguration;
			buildSettings = {
				ASSETCATALOG_COMPILER_APPICON_NAME = AppIcon;
				ASSETCATALOG_COMPILER_GLOBAL_ACCENT_COLOR_NAME = AccentColor;
				CODE_SIGN_STYLE = Automatic;
				CURRENT_PROJECT_VERSION = 1;
				DEVELOPMENT_ASSET_PATHS = "\"FitLife/Preview Content\"";
				DEVELOPMENT_TEAM = FZYRH5V929;
				ENABLE_PREVIEWS = YES;
				GENERATE_INFOPLIST_FILE = YES;
				INFOPLIST_FILE = FitLife/Info.plist;
				INFOPLIST_KEY_UIApplicationSceneManifest_Generation = YES;
				INFOPLIST_KEY_UIApplicationSupportsIndirectInputEvents = YES;
				INFOPLIST_KEY_UILaunchStoryboardName = LaunchScreen.storyboard;
				INFOPLIST_KEY_UISupportedInterfaceOrientations_iPad = "UIInterfaceOrientationPortrait UIInterfaceOrientationPortraitUpsideDown UIInterfaceOrientationLandscapeLeft UIInterfaceOrientationLandscapeRight";
				INFOPLIST_KEY_UISupportedInterfaceOrientations_iPhone = "UIInterfaceOrientationPortrait UIInterfaceOrientationLandscapeLeft UIInterfaceOrientationLandscapeRight";
				IPHONEOS_DEPLOYMENT_TARGET = 16.0;
				LD_RUNPATH_SEARCH_PATHS = (
					"$(inherited)",
					"@executable_path/Frameworks",
				);
				MARKETING_VERSION = 1.0;
				PRODUCT_BUNDLE_IDENTIFIER = com.alandisseals.FitLife;
				PRODUCT_NAME = "$(TARGET_NAME)";
				SWIFT_EMIT_LOC_STRINGS = YES;
				SWIFT_VERSION = 5.0;
				TARGETED_DEVICE_FAMILY = "1,2";
			};
			name = Release;
		};
/* End XCBuildConfiguration section */

/* Begin XCConfigurationList section */
		C663CAF128861E280095187D /* Build configuration list for PBXProject "FitLife" */ = {
			isa = XCConfigurationList;
			buildConfigurations = (
				C663CB0228861E2C0095187D /* Debug */,
				C663CB0328861E2C0095187D /* Release */,
			);
			defaultConfigurationIsVisible = 0;
			defaultConfigurationName = Release;
		};
		C663CB0428861E2C0095187D /* Build configuration list for PBXNativeTarget "FitLife" */ = {
			isa = XCConfigurationList;
			buildConfigurations = (
				C663CB0528861E2C0095187D /* Debug */,
				C663CB0628861E2C0095187D /* Release */,
			);
			defaultConfigurationIsVisible = 0;
			defaultConfigurationName = Release;
		};
/* End XCConfigurationList section */
	};
	rootObject = C663CAEE28861E280095187D /* Project object */;
}
